{
  "name": "backend",
  "version": "1.0.0",
  "lockfileVersion": 2,
  "requires": true,
  "packages": {
    "": {
      "name": "backend",
      "version": "1.0.0",
      "license": "ISC",
      "dependencies": {
        "@shared/api": "file:../api-shared"
      }
    },
    "../api-shared": {
      "version": "1.0.0",
      "license": "ISC"
    },
    "node_modules/@shared/api": {
      "resolved": "../api-shared",
      "link": true
    }
  },
  "dependencies": {
    "@shared/api": {
      "version": "file:../api-shared"
    }
  }
}
